
Microsoft Visual Studio Solution File, Format Version 12.00
# Visual Studio Version 16
VisualStudioVersion = 16.0.28803.352
MinimumVisualStudioVersion = 15.0.26124.0
Project("{9A19103F-16F7-4668-BE54-9A1E7A4F7556}") = "StudentExercisesAPI", "StudentExercisesAPI\StudentExercisesAPI.csproj", "{9BC1907D-A9ED-4B9F-8E91-40EB7C9EEA22}"
EndProject
Project("{9A19103F-16F7-4668-BE54-9A1E7A4F7556}") = "TestStudentExercisesAPI", "TestStudentExercisesAPI\TestStudentExercisesAPI.csproj", "{39F5EA93-FE41-4079-9184-813299350030}"
EndProject
Project("{FAE04EC0-301F-11D3-BF4B-00C04F79EFBC}") = "XUnitTestProject1", "XUnitTestProject1\XUnitTestProject1.csproj", "{7215E236-542D-4B8C-BD41-571E3D926FDD}"
EndProject
Global
	GlobalSection(SolutionConfigurationPlatforms) = preSolution
		Debug|Any CPU = Debug|Any CPU
		Debug|x64 = Debug|x64
		Debug|x86 = Debug|x86
		Release|Any CPU = Release|Any CPU
		Release|x64 = Release|x64
		Release|x86 = Release|x86
	EndGlobalSection
	GlobalSection(ProjectConfigurationPlatforms) = postSolution
		{9BC1907D-A9ED-4B9F-8E91-40EB7C9EEA22}.Debug|Any CPU.ActiveCfg = Debug|Any CPU
		{9BC1907D-A9ED-4B9F-8E91-40EB7C9EEA22}.Debug|Any CPU.Build.0 = Debug|Any CPU
		{9BC1907D-A9ED-4B9F-8E91-40EB7C9EEA22}.Debug|x64.ActiveCfg = Debug|Any CPU
		{9BC1907D-A9ED-4B9F-8E91-40EB7C9EEA22}.Debug|x64.Build.0 = Debug|Any CPU
		{9BC1907D-A9ED-4B9F-8E91-40EB7C9EEA22}.Debug|x86.ActiveCfg = Debug|Any CPU
		{9BC1907D-A9ED-4B9F-8E91-40EB7C9EEA22}.Debug|x86.Build.0 = Debug|Any CPU
		{9BC1907D-A9ED-4B9F-8E91-40EB7C9EEA22}.Release|Any CPU.ActiveCfg = Release|Any CPU
		{9BC1907D-A9ED-4B9F-8E91-40EB7C9EEA22}.Release|Any CPU.Build.0 = Release|Any CPU
		{9BC1907D-A9ED-4B9F-8E91-40EB7C9EEA22}.Release|x64.ActiveCfg = Release|Any CPU
		{9BC1907D-A9ED-4B9F-8E91-40EB7C9EEA22}.Release|x64.Build.0 = Release|Any CPU
		{9BC1907D-A9ED-4B9F-8E91-40EB7C9EEA22}.Release|x86.ActiveCfg = Release|Any CPU
		{9BC1907D-A9ED-4B9F-8E91-40EB7C9EEA22}.Release|x86.Build.0 = Release|Any CPU
		{39F5EA93-FE41-4079-9184-813299350030}.Debug|Any CPU.ActiveCfg = Debug|Any CPU
		{39F5EA93-FE41-4079-9184-813299350030}.Debug|Any CPU.Build.0 = Debug|Any CPU
		{39F5EA93-FE41-4079-9184-813299350030}.Debug|x64.ActiveCfg = Debug|Any CPU
		{39F5EA93-FE41-4079-9184-813299350030}.Debug|x64.Build.0 = Debug|Any CPU
		{39F5EA93-FE41-4079-9184-813299350030}.Debug|x86.ActiveCfg = Debug|Any CPU
		{39F5EA93-FE41-4079-9184-813299350030}.Debug|x86.Build.0 = Debug|Any CPU
		{39F5EA93-FE41-4079-9184-813299350030}.Release|Any CPU.ActiveCfg = Release|Any CPU
		{39F5EA93-FE41-4079-9184-813299350030}.Release|Any CPU.Build.0 = Release|Any CPU
		{39F5EA93-FE41-4079-9184-813299350030}.Release|x64.ActiveCfg = Release|Any CPU
		{39F5EA93-FE41-4079-9184-813299350030}.Release|x64.Build.0 = Release|Any CPU
		{39F5EA93-FE41-4079-9184-813299350030}.Release|x86.ActiveCfg = Release|Any CPU
		{39F5EA93-FE41-4079-9184-813299350030}.Release|x86.Build.0 = Release|Any CPU
		{7215E236-542D-4B8C-BD41-571E3D926FDD}.Debug|Any CPU.ActiveCfg = Debug|Any CPU
		{7215E236-542D-4B8C-BD41-571E3D926FDD}.Debug|Any CPU.Build.0 = Debug|Any CPU
		{7215E236-542D-4B8C-BD41-571E3D926FDD}.Debug|x64.ActiveCfg = Debug|Any CPU
		{7215E236-542D-4B8C-BD41-571E3D926FDD}.Debug|x64.Build.0 = Debug|Any CPU
		{7215E236-542D-4B8C-BD41-571E3D926FDD}.Debug|x86.ActiveCfg = Debug|Any CPU
		{7215E236-542D-4B8C-BD41-571E3D926FDD}.Debug|x86.Build.0 = Debug|Any CPU
		{7215E236-542D-4B8C-BD41-571E3D926FDD}.Release|Any CPU.ActiveCfg = Release|Any CPU
		{7215E236-542D-4B8C-BD41-571E3D926FDD}.Release|Any CPU.Build.0 = Release|Any CPU
		{7215E236-542D-4B8C-BD41-571E3D926FDD}.Release|x64.ActiveCfg = Release|Any CPU
		{7215E236-542D-4B8C-BD41-571E3D926FDD}.Release|x64.Build.0 = Release|Any CPU
		{7215E236-542D-4B8C-BD41-571E3D926FDD}.Release|x86.ActiveCfg = Release|Any CPU
		{7215E236-542D-4B8C-BD41-571E3D926FDD}.Release|x86.Build.0 = Release|Any CPU
	EndGlobalSection
	GlobalSection(SolutionProperties) = preSolution
		HideSolutionNode = FALSE
	EndGlobalSection
	GlobalSection(ExtensibilityGlobals) = postSolution
		SolutionGuid = {7072A686-E3CE-4232-94D4-0AE441661E5D}
	EndGlobalSection
EndGlobal
